# This file is automatically generated by rhiza. Do not edit it manually.
---
sha: 0404d2f35361abd2c6bdaef059d49c69211681fe
repo: jebel-quant/rhiza
host: github
ref: v0.8.5
include: []
exclude: []
templates:
  - core
  - github
  - devcontainer
  - book
  - marimo
  - tests
  - legal
synced_at: '2026-02-28T08:19:39Z'
strategy: merge
